
Microsoft Visual Studio Solution File, Format Version 12.00
# Visual Studio Version 17
VisualStudioVersion = 17.8.34322.80
MinimumVisualStudioVersion = 10.0.40219.1
Project("{FAE04EC0-301F-11D3-BF4B-00C04F79EFBC}") = "DotNet8WebAPI", "DotNet8WebAPI.csproj", "{F7622CB3-CFE2-4B7B-B02C-8C479B16A9AD}"
EndProject
Global
	GlobalSection(SolutionConfigurationPlatforms) = preSolution
		Debug|Any CPU = Debug|Any CPU
		Release|Any CPU = Release|Any CPU
	EndGlobalSection
	GlobalSection(ProjectConfigurationPlatforms) = postSolution
		{F7622CB3-CFE2-4B7B-B02C-8C479B16A9AD}.Debug|Any CPU.ActiveCfg = Debug|Any CPU
		{F7622CB3-CFE2-4B7B-B02C-8C479B16A9AD}.Debug|Any CPU.Build.0 = Debug|Any CPU
		{F7622CB3-CFE2-4B7B-B02C-8C479B16A9AD}.Release|Any CPU.ActiveCfg = Release|Any CPU
		{F7622CB3-CFE2-4B7B-B02C-8C479B16A9AD}.Release|Any CPU.Build.0 = Release|Any CPU
	EndGlobalSection
	GlobalSection(SolutionProperties) = preSolution
		HideSolutionNode = FALSE
	EndGlobalSection
	GlobalSection(ExtensibilityGlobals) = postSolution
		SolutionGuid = {39A939C6-C55E-4B6C-8422-00AD81E50285}
	EndGlobalSection
EndGlobal
